
Microsoft Visual Studio Solution File, Format Version 12.00
# Visual Studio 15
VisualStudioVersion = 15.0.28307.168
MinimumVisualStudioVersion = 10.0.40219.1
Project("{FAE04EC0-301F-11D3-BF4B-00C04F79EFBC}") = "DdroiddTestConsoleApp", "DdroiddTestConsoleApp\DdroiddTestConsoleApp.csproj", "{7EE616F1-13B9-4B9A-A004-AE690E26EBDE}"
EndProject
Project("{FAE04EC0-301F-11D3-BF4B-00C04F79EFBC}") = "ShoppingCartNUnitTests", "ShoppingCartNUnitTests\ShoppingCartNUnitTests.csproj", "{0C5F8438-4CCC-4873-86C2-06A914EAD510}"
EndProject
Global
	GlobalSection(SolutionConfigurationPlatforms) = preSolution
		Debug|Any CPU = Debug|Any CPU
		Release|Any CPU = Release|Any CPU
	EndGlobalSection
	GlobalSection(ProjectConfigurationPlatforms) = postSolution
		{7EE616F1-13B9-4B9A-A004-AE690E26EBDE}.Debug|Any CPU.ActiveCfg = Debug|Any CPU
		{7EE616F1-13B9-4B9A-A004-AE690E26EBDE}.Debug|Any CPU.Build.0 = Debug|Any CPU
		{7EE616F1-13B9-4B9A-A004-AE690E26EBDE}.Release|Any CPU.ActiveCfg = Release|Any CPU
		{7EE616F1-13B9-4B9A-A004-AE690E26EBDE}.Release|Any CPU.Build.0 = Release|Any CPU
		{0C5F8438-4CCC-4873-86C2-06A914EAD510}.Debug|Any CPU.ActiveCfg = Debug|Any CPU
		{0C5F8438-4CCC-4873-86C2-06A914EAD510}.Debug|Any CPU.Build.0 = Debug|Any CPU
		{0C5F8438-4CCC-4873-86C2-06A914EAD510}.Release|Any CPU.ActiveCfg = Release|Any CPU
		{0C5F8438-4CCC-4873-86C2-06A914EAD510}.Release|Any CPU.Build.0 = Release|Any CPU
	EndGlobalSection
	GlobalSection(SolutionProperties) = preSolution
		HideSolutionNode = FALSE
	EndGlobalSection
	GlobalSection(ExtensibilityGlobals) = postSolution
		SolutionGuid = {C6728CA5-4B18-48F3-9A27-9B054D0E5921}
	EndGlobalSection
EndGlobal
